Microsoft Visual Studio Solution File, Format Version 12.00
# Visual Studio Version 17
VisualStudioVersion = 17.5.2.0
MinimumVisualStudioVersion = 10.0.40219.1
Project("{FAE04EC0-301F-11D3-BF4B-00C04F79EFBC}") = "HostlityApp", "HostlityApp.csproj", "{942675E2-17F2-85B7-2195-FC4FF8B25F1D}"
EndProject
Global
	GlobalSection(SolutionConfigurationPlatforms) = preSolution
		Debug|Any CPU = Debug|Any CPU
		Release|Any CPU = Release|Any CPU
	EndGlobalSection
	GlobalSection(ProjectConfigurationPlatforms) = postSolution
		{942675E2-17F2-85B7-2195-FC4FF8B25F1D}.Debug|Any CPU.ActiveCfg = Debug|Any CPU
		{942675E2-17F2-85B7-2195-FC4FF8B25F1D}.Debug|Any CPU.Build.0 = Debug|Any CPU
		{942675E2-17F2-85B7-2195-FC4FF8B25F1D}.Release|Any CPU.ActiveCfg = Release|Any CPU
		{942675E2-17F2-85B7-2195-FC4FF8B25F1D}.Release|Any CPU.Build.0 = Release|Any CPU
	EndGlobalSection
	GlobalSection(SolutionProperties) = preSolution
		HideSolutionNode = FALSE
	EndGlobalSection
	GlobalSection(ExtensibilityGlobals) = postSolution
		SolutionGuid = {F7F7D7D7-7CAD-4F2C-8B20-F93021B74C51}
	EndGlobalSection
EndGlobal
